
Microsoft Visual Studio Solution File, Format Version 9.00
# Visual Studio 2005
Project("{8BC9CEB8-8B4A-11D0-8D11-00A0C91BC942}") = "DigitalClock", "DigitalClock\DigitalClock.vcproj", "{1D83D716-E1EE-4103-9383-D11E18AA3EA7}"
EndProject
Global
	GlobalSection(SolutionConfigurationPlatforms) = preSolution
		Debug|Win32 = Debug|Win32
		Release|Win32 = Release|Win32
	EndGlobalSection
	GlobalSection(ProjectConfigurationPlatforms) = postSolution
		{1D83D716-E1EE-4103-9383-D11E18AA3EA7}.Debug|Win32.ActiveCfg = Debug|Win32
		{1D83D716-E1EE-4103-9383-D11E18AA3EA7}.Debug|Win32.Build.0 = Debug|Win32
		{1D83D716-E1EE-4103-9383-D11E18AA3EA7}.Release|Win32.ActiveCfg = Release|Win32
		{1D83D716-E1EE-4103-9383-D11E18AA3EA7}.Release|Win32.Build.0 = Release|Win32
	EndGlobalSection
	GlobalSection(SolutionProperties) = preSolution
		HideSolutionNode = FALSE
	EndGlobalSection
EndGlobal
